
Microsoft Visual Studio Solution File, Format Version 12.00
# Visual Studio Version 17
VisualStudioVersion = 17.0.31903.59
MinimumVisualStudioVersion = 10.0.40219.1
Project("{FAE04EC0-301F-11D3-BF4B-00C04F79EFBC}") = "task05", "task05\task05.csproj", "{982ADADE-E8F8-438A-BB49-29D55A27E316}"
EndProject
Project("{FAE04EC0-301F-11D3-BF4B-00C04F79EFBC}") = "task05tests", "task05tests\task05tests.csproj", "{358A4F1B-21B4-49F0-85BE-ECB437D89858}"
EndProject
Global
	GlobalSection(SolutionConfigurationPlatforms) = preSolution
		Debug|Any CPU = Debug|Any CPU
		Release|Any CPU = Release|Any CPU
	EndGlobalSection
	GlobalSection(SolutionProperties) = preSolution
		HideSolutionNode = FALSE
	EndGlobalSection
	GlobalSection(ProjectConfigurationPlatforms) = postSolution
		{982ADADE-E8F8-438A-BB49-29D55A27E316}.Debug|Any CPU.ActiveCfg = Debug|Any CPU
		{982ADADE-E8F8-438A-BB49-29D55A27E316}.Debug|Any CPU.Build.0 = Debug|Any CPU
		{982ADADE-E8F8-438A-BB49-29D55A27E316}.Release|Any CPU.ActiveCfg = Release|Any CPU
		{982ADADE-E8F8-438A-BB49-29D55A27E316}.Release|Any CPU.Build.0 = Release|Any CPU
		{358A4F1B-21B4-49F0-85BE-ECB437D89858}.Debug|Any CPU.ActiveCfg = Debug|Any CPU
		{358A4F1B-21B4-49F0-85BE-ECB437D89858}.Debug|Any CPU.Build.0 = Debug|Any CPU
		{358A4F1B-21B4-49F0-85BE-ECB437D89858}.Release|Any CPU.ActiveCfg = Release|Any CPU
		{358A4F1B-21B4-49F0-85BE-ECB437D89858}.Release|Any CPU.Build.0 = Release|Any CPU
	EndGlobalSection
EndGlobal
