
Microsoft Visual Studio Solution File, Format Version 12.00
# Visual Studio Version 17
VisualStudioVersion = 17.0.31903.59
MinimumVisualStudioVersion = 10.0.40219.1
Project("{FAE04EC0-301F-11D3-BF4B-00C04F79EFBC}") = "task11", "task11\task11.csproj", "{0D7009ED-230C-44BE-8F03-C129F2DCA5CA}"
EndProject
Project("{FAE04EC0-301F-11D3-BF4B-00C04F79EFBC}") = "task11tests", "task11tests\task11tests.csproj", "{0288A2B7-60FE-4421-B2E8-168CDFA0F45C}"
EndProject
Global
	GlobalSection(SolutionConfigurationPlatforms) = preSolution
		Debug|Any CPU = Debug|Any CPU
		Release|Any CPU = Release|Any CPU
	EndGlobalSection
	GlobalSection(SolutionProperties) = preSolution
		HideSolutionNode = FALSE
	EndGlobalSection
	GlobalSection(ProjectConfigurationPlatforms) = postSolution
		{0D7009ED-230C-44BE-8F03-C129F2DCA5CA}.Debug|Any CPU.ActiveCfg = Debug|Any CPU
		{0D7009ED-230C-44BE-8F03-C129F2DCA5CA}.Debug|Any CPU.Build.0 = Debug|Any CPU
		{0D7009ED-230C-44BE-8F03-C129F2DCA5CA}.Release|Any CPU.ActiveCfg = Release|Any CPU
		{0D7009ED-230C-44BE-8F03-C129F2DCA5CA}.Release|Any CPU.Build.0 = Release|Any CPU
		{0288A2B7-60FE-4421-B2E8-168CDFA0F45C}.Debug|Any CPU.ActiveCfg = Debug|Any CPU
		{0288A2B7-60FE-4421-B2E8-168CDFA0F45C}.Debug|Any CPU.Build.0 = Debug|Any CPU
		{0288A2B7-60FE-4421-B2E8-168CDFA0F45C}.Release|Any CPU.ActiveCfg = Release|Any CPU
		{0288A2B7-60FE-4421-B2E8-168CDFA0F45C}.Release|Any CPU.Build.0 = Release|Any CPU
	EndGlobalSection
EndGlobal
